{
  "nodes": {
    "beautysh": {
      "inputs": {
        "flake-utils": "flake-utils",
        "nixpkgs": [
          "nixpkgs"
        ],
        "poetry2nix": "poetry2nix"
      },
      "locked": {
        "lastModified": 1630693543,
        "narHash": "sha256-7Sly3ReaJZw60Qo0rpfN4jF6zy94nwQz6ENgUUFzJfg=",
        "owner": "lovesegfault",
        "repo": "beautysh",
        "rev": "5609593961b70428f58d5c1b4b25cdda43b0d0bd",
        "type": "github"
      },
      "original": {
        "owner": "lovesegfault",
        "repo": "beautysh",
        "type": "github"
      }
    },
    "devshell": {
      "locked": {
        "lastModified": 1632436039,
        "narHash": "sha256-OtITeVWcKXn1SpVEnImpTGH91FycCskGBPqmlxiykv4=",
        "owner": "numtide",
        "repo": "devshell",
        "rev": "7a7a7aa0adebe5488e5abaec688fd9ae0f8ea9c6",
        "type": "github"
      },
      "original": {
        "owner": "numtide",
        "repo": "devshell",
        "type": "github"
      }
    },
    "flake-utils": {
      "locked": {
        "lastModified": 1623875721,
        "narHash": "sha256-A8BU7bjS5GirpAUv4QA+QnJ4CceLHkcXdRp4xITDB0s=",
        "owner": "numtide",
        "repo": "flake-utils",
        "rev": "f7e004a55b120c02ecb6219596820fcd32ca8772",
        "type": "github"
      },
      "original": {
        "owner": "numtide",
        "repo": "flake-utils",
        "type": "github"
      }
    },
    "flake-utils_2": {
      "locked": {
        "lastModified": 1638122382,
        "narHash": "sha256-sQzZzAbvKEqN9s0bzWuYmRaA03v40gaJ4+iL1LXjaeI=",
        "owner": "numtide",
        "repo": "flake-utils",
        "rev": "74f7e4319258e287b0f9cb95426c9853b282730b",
        "type": "github"
      },
      "original": {
        "owner": "numtide",
        "repo": "flake-utils",
        "type": "github"
      }
    },
    "nixpkgs": {
      "locked": {
        "lastModified": 1638907064,
        "narHash": "sha256-TN2zQENv7hsbqHpcMA80gqcMk/Kvvo/a4uVKMBsi16Q=",
        "owner": "NixOS",
        "repo": "nixpkgs",
        "rev": "00a904f61bd9880bc388edf4ef1aa13b02767256",
        "type": "github"
      },
      "original": {
        "owner": "NixOS",
        "repo": "nixpkgs",
        "type": "github"
      }
    },
    "nixpkgs_2": {
      "locked": {
        "lastModified": 1638904514,
        "narHash": "sha256-kE6Go9l2/Pk6xvZUs0KAdfR61/YAwEZsV5JGNwWpN6U=",
        "owner": "nixos",
        "repo": "nixpkgs",
        "rev": "938a36cfce2a2ce63b862151ba1bf2406c783bc1",
        "type": "github"
      },
      "original": {
        "owner": "nixos",
        "ref": "release-21.11",
        "repo": "nixpkgs",
        "type": "github"
      }
    },
    "poetry2nix": {
      "inputs": {
        "flake-utils": "flake-utils_2",
        "nixpkgs": "nixpkgs"
      },
      "locked": {
        "lastModified": 1625240517,
        "narHash": "sha256-2E1gaOP+bCplhf3kliVQWK5N1NV2h06mkJk2KTiRTJQ=",
        "owner": "nix-community",
        "repo": "poetry2nix",
        "rev": "e40e8ed0e8c11e709e4c8c7c20174facd265a021",
        "type": "github"
      },
      "original": {
        "owner": "nix-community",
        "repo": "poetry2nix",
        "type": "github"
      }
    },
    "root": {
      "inputs": {
        "beautysh": "beautysh",
        "devshell": "devshell",
        "nixpkgs": "nixpkgs_2"
      }
    }
  },
  "root": "root",
  "version": 7
}
